
Microsoft Visual Studio Solution File, Format Version 12.00
# Visual Studio 15
VisualStudioVersion = 15.0.27130.2027
MinimumVisualStudioVersion = 10.0.40219.1
Project("{FAE04EC0-301F-11D3-BF4B-00C04F79EFBC}") = "ProcessPlayer", "ProcessPlayer\ProcessPlayer.csproj", "{3882F252-C0F7-4258-B93B-A3C67ACFFBAC}"
EndProject
Project("{2150E333-8FDC-42A3-9474-1A3956D46DE8}") = "components", "components", "{B7E8374F-78F8-4583-BDBF-8897BCE49699}"
EndProject
Project("{FAE04EC0-301F-11D3-BF4B-00C04F79EFBC}") = "ProcessPlayer.Engine", "ProcessPlayer.Engine\ProcessPlayer.Engine.csproj", "{2B13FB73-2A4D-4317-A896-BBBB2192B06A}"
EndProject
Project("{FAE04EC0-301F-11D3-BF4B-00C04F79EFBC}") = "ProcessPlayer.Data.Common", "ProcessPlayer.Data.Common\ProcessPlayer.Data.Common.csproj", "{29F00916-5927-408C-83A1-DDEB490AF5AC}"
EndProject
Project("{FAE04EC0-301F-11D3-BF4B-00C04F79EFBC}") = "ProcessPlayer.Data.Expressions", "ProcessPlayer.Data.Expressions\ProcessPlayer.Data.Expressions.csproj", "{2D12F702-7FA2-4351-94BA-31E69D3282BC}"
EndProject
Project("{FAE04EC0-301F-11D3-BF4B-00C04F79EFBC}") = "ProcessPlayer.Data.Functions", "ProcessPlayer.Data.Functions\ProcessPlayer.Data.Functions.csproj", "{710CF39A-F39E-4D02-90B2-537C89D29315}"
EndProject
Project("{FAE04EC0-301F-11D3-BF4B-00C04F79EFBC}") = "ProcessPlayer.Content", "ProcessPlayer.Content\ProcessPlayer.Content.csproj", "{5852CA6A-3054-45C1-914D-11F48FD0C4DD}"
EndProject
Project("{FAE04EC0-301F-11D3-BF4B-00C04F79EFBC}") = "ProcessPlayer.Data.CodeGen", "ProcessPlayer.Data.CodeGen\ProcessPlayer.Data.CodeGen.csproj", "{61BF085C-718E-45ED-A7E8-73E4C976AEEA}"
EndProject
Global
	GlobalSection(SolutionConfigurationPlatforms) = preSolution
		Debug|Any CPU = Debug|Any CPU
		Debug|Mixed Platforms = Debug|Mixed Platforms
		Debug|x64 = Debug|x64
		Debug|x86 = Debug|x86
		Release|Any CPU = Release|Any CPU
		Release|Mixed Platforms = Release|Mixed Platforms
		Release|x64 = Release|x64
		Release|x86 = Release|x86
	EndGlobalSection
	GlobalSection(ProjectConfigurationPlatforms) = postSolution
		{3882F252-C0F7-4258-B93B-A3C67ACFFBAC}.Debug|Any CPU.ActiveCfg = Debug|x86
		{3882F252-C0F7-4258-B93B-A3C67ACFFBAC}.Debug|Any CPU.Build.0 = Debug|x86
		{3882F252-C0F7-4258-B93B-A3C67ACFFBAC}.Debug|Mixed Platforms.ActiveCfg = Debug|x86
		{3882F252-C0F7-4258-B93B-A3C67ACFFBAC}.Debug|Mixed Platforms.Build.0 = Debug|x86
		{3882F252-C0F7-4258-B93B-A3C67ACFFBAC}.Debug|x64.ActiveCfg = Debug|x64
		{3882F252-C0F7-4258-B93B-A3C67ACFFBAC}.Debug|x64.Build.0 = Debug|x64
		{3882F252-C0F7-4258-B93B-A3C67ACFFBAC}.Debug|x86.ActiveCfg = Debug|x86
		{3882F252-C0F7-4258-B93B-A3C67ACFFBAC}.Debug|x86.Build.0 = Debug|x86
		{3882F252-C0F7-4258-B93B-A3C67ACFFBAC}.Release|Any CPU.ActiveCfg = Release|x86
		{3882F252-C0F7-4258-B93B-A3C67ACFFBAC}.Release|Mixed Platforms.ActiveCfg = Release|x86
		{3882F252-C0F7-4258-B93B-A3C67ACFFBAC}.Release|Mixed Platforms.Build.0 = Release|x86
		{3882F252-C0F7-4258-B93B-A3C67ACFFBAC}.Release|x64.ActiveCfg = Release|x64
		{3882F252-C0F7-4258-B93B-A3C67ACFFBAC}.Release|x64.Build.0 = Release|x64
		{3882F252-C0F7-4258-B93B-A3C67ACFFBAC}.Release|x86.ActiveCfg = Release|x86
		{3882F252-C0F7-4258-B93B-A3C67ACFFBAC}.Release|x86.Build.0 = Release|x86
		{2B13FB73-2A4D-4317-A896-BBBB2192B06A}.Debug|Any CPU.ActiveCfg = Debug|Any CPU
		{2B13FB73-2A4D-4317-A896-BBBB2192B06A}.Debug|Any CPU.Build.0 = Debug|Any CPU
		{2B13FB73-2A4D-4317-A896-BBBB2192B06A}.Debug|Mixed Platforms.ActiveCfg = Debug|Any CPU
		{2B13FB73-2A4D-4317-A896-BBBB2192B06A}.Debug|Mixed Platforms.Build.0 = Debug|Any CPU
		{2B13FB73-2A4D-4317-A896-BBBB2192B06A}.Debug|x64.ActiveCfg = Debug|x64
		{2B13FB73-2A4D-4317-A896-BBBB2192B06A}.Debug|x64.Build.0 = Debug|x64
		{2B13FB73-2A4D-4317-A896-BBBB2192B06A}.Debug|x86.ActiveCfg = Debug|Any CPU
		{2B13FB73-2A4D-4317-A896-BBBB2192B06A}.Debug|x86.Build.0 = Debug|Any CPU
		{2B13FB73-2A4D-4317-A896-BBBB2192B06A}.Release|Any CPU.ActiveCfg = Release|Any CPU
		{2B13FB73-2A4D-4317-A896-BBBB2192B06A}.Release|Any CPU.Build.0 = Release|Any CPU
		{2B13FB73-2A4D-4317-A896-BBBB2192B06A}.Release|Mixed Platforms.ActiveCfg = Release|Any CPU
		{2B13FB73-2A4D-4317-A896-BBBB2192B06A}.Release|Mixed Platforms.Build.0 = Release|Any CPU
		{2B13FB73-2A4D-4317-A896-BBBB2192B06A}.Release|x64.ActiveCfg = Release|Any CPU
		{2B13FB73-2A4D-4317-A896-BBBB2192B06A}.Release|x64.Build.0 = Release|Any CPU
		{2B13FB73-2A4D-4317-A896-BBBB2192B06A}.Release|x86.ActiveCfg = Release|Any CPU
		{29F00916-5927-408C-83A1-DDEB490AF5AC}.Debug|Any CPU.ActiveCfg = Debug|Any CPU
		{29F00916-5927-408C-83A1-DDEB490AF5AC}.Debug|Any CPU.Build.0 = Debug|Any CPU
		{29F00916-5927-408C-83A1-DDEB490AF5AC}.Debug|Mixed Platforms.ActiveCfg = Debug|Any CPU
		{29F00916-5927-408C-83A1-DDEB490AF5AC}.Debug|Mixed Platforms.Build.0 = Debug|Any CPU
		{29F00916-5927-408C-83A1-DDEB490AF5AC}.Debug|x64.ActiveCfg = Debug|x64
		{29F00916-5927-408C-83A1-DDEB490AF5AC}.Debug|x64.Build.0 = Debug|x64
		{29F00916-5927-408C-83A1-DDEB490AF5AC}.Debug|x86.ActiveCfg = Debug|Any CPU
		{29F00916-5927-408C-83A1-DDEB490AF5AC}.Debug|x86.Build.0 = Debug|Any CPU
		{29F00916-5927-408C-83A1-DDEB490AF5AC}.Release|Any CPU.ActiveCfg = Release|Any CPU
		{29F00916-5927-408C-83A1-DDEB490AF5AC}.Release|Any CPU.Build.0 = Release|Any CPU
		{29F00916-5927-408C-83A1-DDEB490AF5AC}.Release|Mixed Platforms.ActiveCfg = Release|Any CPU
		{29F00916-5927-408C-83A1-DDEB490AF5AC}.Release|Mixed Platforms.Build.0 = Release|Any CPU
		{29F00916-5927-408C-83A1-DDEB490AF5AC}.Release|x64.ActiveCfg = Release|Any CPU
		{29F00916-5927-408C-83A1-DDEB490AF5AC}.Release|x64.Build.0 = Release|Any CPU
		{29F00916-5927-408C-83A1-DDEB490AF5AC}.Release|x86.ActiveCfg = Release|Any CPU
		{2D12F702-7FA2-4351-94BA-31E69D3282BC}.Debug|Any CPU.ActiveCfg = Debug|Any CPU
		{2D12F702-7FA2-4351-94BA-31E69D3282BC}.Debug|Any CPU.Build.0 = Debug|Any CPU
		{2D12F702-7FA2-4351-94BA-31E69D3282BC}.Debug|Mixed Platforms.ActiveCfg = Debug|Any CPU
		{2D12F702-7FA2-4351-94BA-31E69D3282BC}.Debug|Mixed Platforms.Build.0 = Debug|Any CPU
		{2D12F702-7FA2-4351-94BA-31E69D3282BC}.Debug|x64.ActiveCfg = Debug|x64
		{2D12F702-7FA2-4351-94BA-31E69D3282BC}.Debug|x64.Build.0 = Debug|x64
		{2D12F702-7FA2-4351-94BA-31E69D3282BC}.Debug|x86.ActiveCfg = Debug|Any CPU
		{2D12F702-7FA2-4351-94BA-31E69D3282BC}.Debug|x86.Build.0 = Debug|Any CPU
		{2D12F702-7FA2-4351-94BA-31E69D3282BC}.Release|Any CPU.ActiveCfg = Release|Any CPU
		{2D12F702-7FA2-4351-94BA-31E69D3282BC}.Release|Any CPU.Build.0 = Release|Any CPU
		{2D12F702-7FA2-4351-94BA-31E69D3282BC}.Release|Mixed Platforms.ActiveCfg = Release|Any CPU
		{2D12F702-7FA2-4351-94BA-31E69D3282BC}.Release|Mixed Platforms.Build.0 = Release|Any CPU
		{2D12F702-7FA2-4351-94BA-31E69D3282BC}.Release|x64.ActiveCfg = Release|Any CPU
		{2D12F702-7FA2-4351-94BA-31E69D3282BC}.Release|x64.Build.0 = Release|Any CPU
		{2D12F702-7FA2-4351-94BA-31E69D3282BC}.Release|x86.ActiveCfg = Release|Any CPU
		{710CF39A-F39E-4D02-90B2-537C89D29315}.Debug|Any CPU.ActiveCfg = Debug|Any CPU
		{710CF39A-F39E-4D02-90B2-537C89D29315}.Debug|Any CPU.Build.0 = Debug|Any CPU
		{710CF39A-F39E-4D02-90B2-537C89D29315}.Debug|Mixed Platforms.ActiveCfg = Debug|Any CPU
		{710CF39A-F39E-4D02-90B2-537C89D29315}.Debug|Mixed Platforms.Build.0 = Debug|Any CPU
		{710CF39A-F39E-4D02-90B2-537C89D29315}.Debug|x64.ActiveCfg = Debug|x64
		{710CF39A-F39E-4D02-90B2-537C89D29315}.Debug|x64.Build.0 = Debug|x64
		{710CF39A-F39E-4D02-90B2-537C89D29315}.Debug|x86.ActiveCfg = Debug|Any CPU
		{710CF39A-F39E-4D02-90B2-537C89D29315}.Debug|x86.Build.0 = Debug|Any CPU
		{710CF39A-F39E-4D02-90B2-537C89D29315}.Release|Any CPU.ActiveCfg = Release|Any CPU
		{710CF39A-F39E-4D02-90B2-537C89D29315}.Release|Any CPU.Build.0 = Release|Any CPU
		{710CF39A-F39E-4D02-90B2-537C89D29315}.Release|Mixed Platforms.ActiveCfg = Release|Any CPU
		{710CF39A-F39E-4D02-90B2-537C89D29315}.Release|Mixed Platforms.Build.0 = Release|Any CPU
		{710CF39A-F39E-4D02-90B2-537C89D29315}.Release|x64.ActiveCfg = Release|Any CPU
		{710CF39A-F39E-4D02-90B2-537C89D29315}.Release|x64.Build.0 = Release|Any CPU
		{710CF39A-F39E-4D02-90B2-537C89D29315}.Release|x86.ActiveCfg = Release|Any CPU
		{5852CA6A-3054-45C1-914D-11F48FD0C4DD}.Debug|Any CPU.ActiveCfg = Debug|Any CPU
		{5852CA6A-3054-45C1-914D-11F48FD0C4DD}.Debug|Any CPU.Build.0 = Debug|Any CPU
		{5852CA6A-3054-45C1-914D-11F48FD0C4DD}.Debug|Mixed Platforms.ActiveCfg = Debug|Any CPU
		{5852CA6A-3054-45C1-914D-11F48FD0C4DD}.Debug|Mixed Platforms.Build.0 = Debug|Any CPU
		{5852CA6A-3054-45C1-914D-11F48FD0C4DD}.Debug|x64.ActiveCfg = Debug|x64
		{5852CA6A-3054-45C1-914D-11F48FD0C4DD}.Debug|x64.Build.0 = Debug|x64
		{5852CA6A-3054-45C1-914D-11F48FD0C4DD}.Debug|x86.ActiveCfg = Debug|Any CPU
		{5852CA6A-3054-45C1-914D-11F48FD0C4DD}.Debug|x86.Build.0 = Debug|Any CPU
		{5852CA6A-3054-45C1-914D-11F48FD0C4DD}.Release|Any CPU.ActiveCfg = Release|Any CPU
		{5852CA6A-3054-45C1-914D-11F48FD0C4DD}.Release|Any CPU.Build.0 = Release|Any CPU
		{5852CA6A-3054-45C1-914D-11F48FD0C4DD}.Release|Mixed Platforms.ActiveCfg = Release|Any CPU
		{5852CA6A-3054-45C1-914D-11F48FD0C4DD}.Release|Mixed Platforms.Build.0 = Release|Any CPU
		{5852CA6A-3054-45C1-914D-11F48FD0C4DD}.Release|x64.ActiveCfg = Release|Any CPU
		{5852CA6A-3054-45C1-914D-11F48FD0C4DD}.Release|x64.Build.0 = Release|Any CPU
		{5852CA6A-3054-45C1-914D-11F48FD0C4DD}.Release|x86.ActiveCfg = Release|Any CPU
		{61BF085C-718E-45ED-A7E8-73E4C976AEEA}.Debug|Any CPU.ActiveCfg = Debug|Any CPU
		{61BF085C-718E-45ED-A7E8-73E4C976AEEA}.Debug|Any CPU.Build.0 = Debug|Any CPU
		{61BF085C-718E-45ED-A7E8-73E4C976AEEA}.Debug|Mixed Platforms.ActiveCfg = Debug|Any CPU
		{61BF085C-718E-45ED-A7E8-73E4C976AEEA}.Debug|Mixed Platforms.Build.0 = Debug|Any CPU
		{61BF085C-718E-45ED-A7E8-73E4C976AEEA}.Debug|x64.ActiveCfg = Debug|x64
		{61BF085C-718E-45ED-A7E8-73E4C976AEEA}.Debug|x64.Build.0 = Debug|x64
		{61BF085C-718E-45ED-A7E8-73E4C976AEEA}.Debug|x86.ActiveCfg = Debug|Any CPU
		{61BF085C-718E-45ED-A7E8-73E4C976AEEA}.Debug|x86.Build.0 = Debug|Any CPU
		{61BF085C-718E-45ED-A7E8-73E4C976AEEA}.Release|Any CPU.ActiveCfg = Release|Any CPU
		{61BF085C-718E-45ED-A7E8-73E4C976AEEA}.Release|Any CPU.Build.0 = Release|Any CPU
		{61BF085C-718E-45ED-A7E8-73E4C976AEEA}.Release|Mixed Platforms.ActiveCfg = Release|Any CPU
		{61BF085C-718E-45ED-A7E8-73E4C976AEEA}.Release|Mixed Platforms.Build.0 = Release|Any CPU
		{61BF085C-718E-45ED-A7E8-73E4C976AEEA}.Release|x64.ActiveCfg = Release|Any CPU
		{61BF085C-718E-45ED-A7E8-73E4C976AEEA}.Release|x64.Build.0 = Release|Any CPU
		{61BF085C-718E-45ED-A7E8-73E4C976AEEA}.Release|x86.ActiveCfg = Release|Any CPU
	EndGlobalSection
	GlobalSection(SolutionProperties) = preSolution
		HideSolutionNode = FALSE
	EndGlobalSection
	GlobalSection(NestedProjects) = preSolution
		{2B13FB73-2A4D-4317-A896-BBBB2192B06A} = {B7E8374F-78F8-4583-BDBF-8897BCE49699}
		{29F00916-5927-408C-83A1-DDEB490AF5AC} = {B7E8374F-78F8-4583-BDBF-8897BCE49699}
		{2D12F702-7FA2-4351-94BA-31E69D3282BC} = {B7E8374F-78F8-4583-BDBF-8897BCE49699}
		{710CF39A-F39E-4D02-90B2-537C89D29315} = {B7E8374F-78F8-4583-BDBF-8897BCE49699}
		{5852CA6A-3054-45C1-914D-11F48FD0C4DD} = {B7E8374F-78F8-4583-BDBF-8897BCE49699}
		{61BF085C-718E-45ED-A7E8-73E4C976AEEA} = {B7E8374F-78F8-4583-BDBF-8897BCE49699}
	EndGlobalSection
	GlobalSection(ExtensibilityGlobals) = postSolution
		SolutionGuid = {4025D821-9627-4A29-ADB4-3DC289B65719}
	EndGlobalSection
EndGlobal
